
Microsoft Visual Studio Solution File, Format Version 12.00
# Visual Studio Version 16
VisualStudioVersion = 16.0.30204.135
MinimumVisualStudioVersion = 10.0.40219.1
Project("{FAE04EC0-301F-11D3-BF4B-00C04F79EFBC}") = "Distinct", "Distinct\Distinct.csproj", "{7FBF541A-DDB9-4F97-B478-A219ADFEDE27}"
EndProject
Global
	GlobalSection(SolutionConfigurationPlatforms) = preSolution
		Debug|Any CPU = Debug|Any CPU
		Release|Any CPU = Release|Any CPU
	EndGlobalSection
	GlobalSection(ProjectConfigurationPlatforms) = postSolution
		{7FBF541A-DDB9-4F97-B478-A219ADFEDE27}.Debug|Any CPU.ActiveCfg = Debug|Any CPU
		{7FBF541A-DDB9-4F97-B478-A219ADFEDE27}.Debug|Any CPU.Build.0 = Debug|Any CPU
		{7FBF541A-DDB9-4F97-B478-A219ADFEDE27}.Release|Any CPU.ActiveCfg = Release|Any CPU
		{7FBF541A-DDB9-4F97-B478-A219ADFEDE27}.Release|Any CPU.Build.0 = Release|Any CPU
	EndGlobalSection
	GlobalSection(SolutionProperties) = preSolution
		HideSolutionNode = FALSE
	EndGlobalSection
	GlobalSection(ExtensibilityGlobals) = postSolution
		SolutionGuid = {A1D65166-52D9-4EEF-945B-66E36D4F32D4}
	EndGlobalSection
EndGlobal
