
Microsoft Visual Studio Solution File, Format Version 12.00
# Visual Studio Version 16
VisualStudioVersion = 16.0.30204.135
MinimumVisualStudioVersion = 10.0.40219.1
Project("{FAE04EC0-301F-11D3-BF4B-00C04F79EFBC}") = "FrogJmp", "FrogJmp\FrogJmp.csproj", "{2B13A52F-5453-48BE-BE23-3ED670B267C7}"
EndProject
Global
	GlobalSection(SolutionConfigurationPlatforms) = preSolution
		Debug|Any CPU = Debug|Any CPU
		Release|Any CPU = Release|Any CPU
	EndGlobalSection
	GlobalSection(ProjectConfigurationPlatforms) = postSolution
		{2B13A52F-5453-48BE-BE23-3ED670B267C7}.Debug|Any CPU.ActiveCfg = Debug|Any CPU
		{2B13A52F-5453-48BE-BE23-3ED670B267C7}.Debug|Any CPU.Build.0 = Debug|Any CPU
		{2B13A52F-5453-48BE-BE23-3ED670B267C7}.Release|Any CPU.ActiveCfg = Release|Any CPU
		{2B13A52F-5453-48BE-BE23-3ED670B267C7}.Release|Any CPU.Build.0 = Release|Any CPU
	EndGlobalSection
	GlobalSection(SolutionProperties) = preSolution
		HideSolutionNode = FALSE
	EndGlobalSection
	GlobalSection(ExtensibilityGlobals) = postSolution
		SolutionGuid = {0F87F45F-E416-494A-9BBF-611E9B7C764F}
	EndGlobalSection
EndGlobal
