
Microsoft Visual Studio Solution File, Format Version 12.00
# Visual Studio Version 16
VisualStudioVersion = 16.0.30204.135
MinimumVisualStudioVersion = 10.0.40219.1
Project("{FAE04EC0-301F-11D3-BF4B-00C04F79EFBC}") = "MissingInteger", "MissingInteger\MissingInteger.csproj", "{C032C20B-AE20-4247-9BE6-1995A33C729C}"
EndProject
Global
	GlobalSection(SolutionConfigurationPlatforms) = preSolution
		Debug|Any CPU = Debug|Any CPU
		Release|Any CPU = Release|Any CPU
	EndGlobalSection
	GlobalSection(ProjectConfigurationPlatforms) = postSolution
		{C032C20B-AE20-4247-9BE6-1995A33C729C}.Debug|Any CPU.ActiveCfg = Debug|Any CPU
		{C032C20B-AE20-4247-9BE6-1995A33C729C}.Debug|Any CPU.Build.0 = Debug|Any CPU
		{C032C20B-AE20-4247-9BE6-1995A33C729C}.Release|Any CPU.ActiveCfg = Release|Any CPU
		{C032C20B-AE20-4247-9BE6-1995A33C729C}.Release|Any CPU.Build.0 = Release|Any CPU
	EndGlobalSection
	GlobalSection(SolutionProperties) = preSolution
		HideSolutionNode = FALSE
	EndGlobalSection
	GlobalSection(ExtensibilityGlobals) = postSolution
		SolutionGuid = {62C2439A-6081-4855-ABDD-8BF2E43A17FB}
	EndGlobalSection
EndGlobal
